// !$*UTF8*$!
{
	archiveVersion = 1;
	classes = {
	};
	objectVersion = 55;
	objects = {

/* Begin PBXBuildFile section */
		521E3F9728E5689C00320DF7 /* SearchResponce.swift in Sources */ = {isa = PBXBuildFile; fileRef = 521E3F9628E5689C00320DF7 /* SearchResponce.swift */; };
		521E3F9928E594DE00320DF7 /* NetworkService.swift in Sources */ = {isa = PBXBuildFile; fileRef = 521E3F9828E594DE00320DF7 /* NetworkService.swift */; };
		521E3FB128E5A52800320DF7 /* SearchPresenter.swift in Sources */ = {isa = PBXBuildFile; fileRef = 521E3FAB28E5A52800320DF7 /* SearchPresenter.swift */; };
		521E3FB228E5A52800320DF7 /* SearchWorker.swift in Sources */ = {isa = PBXBuildFile; fileRef = 521E3FAC28E5A52800320DF7 /* SearchWorker.swift */; };
		521E3FB328E5A52800320DF7 /* SearchRouter.swift in Sources */ = {isa = PBXBuildFile; fileRef = 521E3FAD28E5A52800320DF7 /* SearchRouter.swift */; };
		521E3FB428E5A52800320DF7 /* SearchModels.swift in Sources */ = {isa = PBXBuildFile; fileRef = 521E3FAE28E5A52800320DF7 /* SearchModels.swift */; };
		521E3FB528E5A52800320DF7 /* SearchViewController.swift in Sources */ = {isa = PBXBuildFile; fileRef = 521E3FAF28E5A52800320DF7 /* SearchViewController.swift */; };
		521E3FB628E5A52800320DF7 /* SearchInteractor.swift in Sources */ = {isa = PBXBuildFile; fileRef = 521E3FB028E5A52800320DF7 /* SearchInteractor.swift */; };
		521E3FBA28E5C0E200320DF7 /* SearchViewController.storyboard in Resources */ = {isa = PBXBuildFile; fileRef = 521E3FB928E5C0E200320DF7 /* SearchViewController.storyboard */; };
		521E3FBD28E5C9BF00320DF7 /* UIViewController + Storyboard.swift in Sources */ = {isa = PBXBuildFile; fileRef = 521E3FBC28E5C9BF00320DF7 /* UIViewController + Storyboard.swift */; };
		522625A428E49484000CF133 /* AppDelegate.swift in Sources */ = {isa = PBXBuildFile; fileRef = 522625A328E49484000CF133 /* AppDelegate.swift */; };
		522625A628E49484000CF133 /* SceneDelegate.swift in Sources */ = {isa = PBXBuildFile; fileRef = 522625A528E49484000CF133 /* SceneDelegate.swift */; };
		522625A828E49484000CF133 /* ViewController.swift in Sources */ = {isa = PBXBuildFile; fileRef = 522625A728E49484000CF133 /* ViewController.swift */; };
		522625AB28E49484000CF133 /* Main.storyboard in Resources */ = {isa = PBXBuildFile; fileRef = 522625A928E49484000CF133 /* Main.storyboard */; };
		522625AD28E49486000CF133 /* Assets.xcassets in Resources */ = {isa = PBXBuildFile; fileRef = 522625AC28E49486000CF133 /* Assets.xcassets */; };
		522625B028E49486000CF133 /* LaunchScreen.storyboard in Resources */ = {isa = PBXBuildFile; fileRef = 522625AE28E49486000CF133 /* LaunchScreen.storyboard */; };
		522625B828E4968C000CF133 /* MainTabBarController.swift in Sources */ = {isa = PBXBuildFile; fileRef = 522625B728E4968C000CF133 /* MainTabBarController.swift */; };
		522625BA28E49786000CF133 /* SearchVC.swift in Sources */ = {isa = PBXBuildFile; fileRef = 522625B928E49786000CF133 /* SearchVC.swift */; };
		52C9D83028E6BFAA00072270 /* TrackCell.swift in Sources */ = {isa = PBXBuildFile; fileRef = 52C9D82E28E6BFAA00072270 /* TrackCell.swift */; };
		52C9D83128E6BFAA00072270 /* TrackCell.xib in Resources */ = {isa = PBXBuildFile; fileRef = 52C9D82F28E6BFAA00072270 /* TrackCell.xib */; };
		52C9D83528E703DA00072270 /* FooterView.swift in Sources */ = {isa = PBXBuildFile; fileRef = 52C9D83428E703DA00072270 /* FooterView.swift */; };
		EEE56AD4A23008B1494409F0 /* Pods_Music_Player.framework in Frameworks */ = {isa = PBXBuildFile; fileRef = 3EC1D1B228EC28CFCF834945 /* Pods_Music_Player.framework */; };
/* End PBXBuildFile section */

/* Begin PBXFileReference section */
		3EC1D1B228EC28CFCF834945 /* Pods_Music_Player.framework */ = {isa = PBXFileReference; explicitFileType = wrapper.framework; includeInIndex = 0; path = Pods_Music_Player.framework; sourceTree = BUILT_PRODUCTS_DIR; };
		495400E10E89D0A1B7CF0042 /* Pods-Music Player.debug.xcconfig */ = {isa = PBXFileReference; includeInIndex = 1; lastKnownFileType = text.xcconfig; name = "Pods-Music Player.debug.xcconfig"; path = "Target Support Files/Pods-Music Player/Pods-Music Player.debug.xcconfig"; sourceTree = "<group>"; };
		521E3F9628E5689C00320DF7 /* SearchResponce.swift */ = {isa = PBXFileReference; lastKnownFileType = sourcecode.swift; path = SearchResponce.swift; sourceTree = "<group>"; };
		521E3F9828E594DE00320DF7 /* NetworkService.swift */ = {isa = PBXFileReference; lastKnownFileType = sourcecode.swift; path = NetworkService.swift; sourceTree = "<group>"; };
		521E3FAB28E5A52800320DF7 /* SearchPresenter.swift */ = {isa = PBXFileReference; lastKnownFileType = sourcecode.swift; path = SearchPresenter.swift; sourceTree = "<group>"; };
		521E3FAC28E5A52800320DF7 /* SearchWorker.swift */ = {isa = PBXFileReference; lastKnownFileType = sourcecode.swift; path = SearchWorker.swift; sourceTree = "<group>"; };
		521E3FAD28E5A52800320DF7 /* SearchRouter.swift */ = {isa = PBXFileReference; lastKnownFileType = sourcecode.swift; path = SearchRouter.swift; sourceTree = "<group>"; };
		521E3FAE28E5A52800320DF7 /* SearchModels.swift */ = {isa = PBXFileReference; lastKnownFileType = sourcecode.swift; path = SearchModels.swift; sourceTree = "<group>"; };
		521E3FAF28E5A52800320DF7 /* SearchViewController.swift */ = {isa = PBXFileReference; lastKnownFileType = sourcecode.swift; path = SearchViewController.swift; sourceTree = "<group>"; };
		521E3FB028E5A52800320DF7 /* SearchInteractor.swift */ = {isa = PBXFileReference; lastKnownFileType = sourcecode.swift; path = SearchInteractor.swift; sourceTree = "<group>"; };
		521E3FB928E5C0E200320DF7 /* SearchViewController.storyboard */ = {isa = PBXFileReference; lastKnownFileType = file.storyboard; path = SearchViewController.storyboard; sourceTree = "<group>"; };
		521E3FBC28E5C9BF00320DF7 /* UIViewController + Storyboard.swift */ = {isa = PBXFileReference; lastKnownFileType = sourcecode.swift; path = "UIViewController + Storyboard.swift"; sourceTree = "<group>"; };
		522625A028E49484000CF133 /* Music Player.app */ = {isa = PBXFileReference; explicitFileType = wrapper.application; includeInIndex = 0; path = "Music Player.app"; sourceTree = BUILT_PRODUCTS_DIR; };
		522625A328E49484000CF133 /* AppDelegate.swift */ = {isa = PBXFileReference; lastKnownFileType = sourcecode.swift; path = AppDelegate.swift; sourceTree = "<group>"; };
		522625A528E49484000CF133 /* SceneDelegate.swift */ = {isa = PBXFileReference; lastKnownFileType = sourcecode.swift; path = SceneDelegate.swift; sourceTree = "<group>"; };
		522625A728E49484000CF133 /* ViewController.swift */ = {isa = PBXFileReference; lastKnownFileType = sourcecode.swift; path = ViewController.swift; sourceTree = "<group>"; };
		522625AA28E49484000CF133 /* Base */ = {isa = PBXFileReference; lastKnownFileType = file.storyboard; name = Base; path = Base.lproj/Main.storyboard; sourceTree = "<group>"; };
		522625AC28E49486000CF133 /* Assets.xcassets */ = {isa = PBXFileReference; lastKnownFileType = folder.assetcatalog; path = Assets.xcassets; sourceTree = "<group>"; };
		522625AF28E49486000CF133 /* Base */ = {isa = PBXFileReference; lastKnownFileType = file.storyboard; name = Base; path = Base.lproj/LaunchScreen.storyboard; sourceTree = "<group>"; };
		522625B128E49486000CF133 /* Info.plist */ = {isa = PBXFileReference; lastKnownFileType = text.plist.xml; path = Info.plist; sourceTree = "<group>"; };
		522625B728E4968C000CF133 /* MainTabBarController.swift */ = {isa = PBXFileReference; lastKnownFileType = sourcecode.swift; path = MainTabBarController.swift; sourceTree = "<group>"; };
		522625B928E49786000CF133 /* SearchVC.swift */ = {isa = PBXFileReference; lastKnownFileType = sourcecode.swift; path = SearchVC.swift; sourceTree = "<group>"; };
		52C9D82E28E6BFAA00072270 /* TrackCell.swift */ = {isa = PBXFileReference; lastKnownFileType = sourcecode.swift; path = TrackCell.swift; sourceTree = "<group>"; };
		52C9D82F28E6BFAA00072270 /* TrackCell.xib */ = {isa = PBXFileReference; lastKnownFileType = file.xib; path = TrackCell.xib; sourceTree = "<group>"; };
		52C9D83428E703DA00072270 /* FooterView.swift */ = {isa = PBXFileReference; lastKnownFileType = sourcecode.swift; path = FooterView.swift; sourceTree = "<group>"; };
		738710F1F6582F508FF3DB1D /* Pods-Music Player.release.xcconfig */ = {isa = PBXFileReference; includeInIndex = 1; lastKnownFileType = text.xcconfig; name = "Pods-Music Player.release.xcconfig"; path = "Target Support Files/Pods-Music Player/Pods-Music Player.release.xcconfig"; sourceTree = "<group>"; };
/* End PBXFileReference section */

/* Begin PBXFrameworksBuildPhase section */
		5226259D28E49484000CF133 /* Frameworks */ = {
			isa = PBXFrameworksBuildPhase;
			buildActionMask = 2147483647;
			files = (
				EEE56AD4A23008B1494409F0 /* Pods_Music_Player.framework in Frameworks */,
			);
			runOnlyForDeploymentPostprocessing = 0;
		};
/* End PBXFrameworksBuildPhase section */

/* Begin PBXGroup section */
		521E3F9B28E5A3FF00320DF7 /* Search */ = {
			isa = PBXGroup;
			children = (
				52C9D83328E7037A00072270 /* FooterView */,
				52C9D82928E6BC0700072270 /* Cell */,
				521E3FB928E5C0E200320DF7 /* SearchViewController.storyboard */,
				521E3FAF28E5A52800320DF7 /* SearchViewController.swift */,
				521E3FB028E5A52800320DF7 /* SearchInteractor.swift */,
				521E3FAB28E5A52800320DF7 /* SearchPresenter.swift */,
				521E3FAC28E5A52800320DF7 /* SearchWorker.swift */,
				521E3FAD28E5A52800320DF7 /* SearchRouter.swift */,
				521E3FAE28E5A52800320DF7 /* SearchModels.swift */,
			);
			path = Search;
			sourceTree = "<group>";
		};
		521E3FA828E5A46D00320DF7 /* Services */ = {
			isa = PBXGroup;
			children = (
				52C9D83228E6C7DB00072270 /* Models */,
				521E3F9828E594DE00320DF7 /* NetworkService.swift */,
			);
			path = Services;
			sourceTree = "<group>";
		};
		521E3FBB28E5C99100320DF7 /* Helpers */ = {
			isa = PBXGroup;
			children = (
				521E3FBC28E5C9BF00320DF7 /* UIViewController + Storyboard.swift */,
			);
			path = Helpers;
			sourceTree = "<group>";
		};
		5226259728E49484000CF133 = {
			isa = PBXGroup;
			children = (
				522625A228E49484000CF133 /* Music Player */,
				522625A128E49484000CF133 /* Products */,
				9284F195CC6C0C8444833BA5 /* Pods */,
				ED4CEF7DBE0129BE99D9A1D9 /* Frameworks */,
			);
			sourceTree = "<group>";
		};
		522625A128E49484000CF133 /* Products */ = {
			isa = PBXGroup;
			children = (
				522625A028E49484000CF133 /* Music Player.app */,
			);
			name = Products;
			sourceTree = "<group>";
		};
		522625A228E49484000CF133 /* Music Player */ = {
			isa = PBXGroup;
			children = (
				521E3FA828E5A46D00320DF7 /* Services */,
				522625A328E49484000CF133 /* AppDelegate.swift */,
				522625A528E49484000CF133 /* SceneDelegate.swift */,
				522625A728E49484000CF133 /* ViewController.swift */,
				522625B728E4968C000CF133 /* MainTabBarController.swift */,
				522625B928E49786000CF133 /* SearchVC.swift */,
				521E3F9B28E5A3FF00320DF7 /* Search */,
				521E3FBB28E5C99100320DF7 /* Helpers */,
				522625A928E49484000CF133 /* Main.storyboard */,
				522625AC28E49486000CF133 /* Assets.xcassets */,
				522625AE28E49486000CF133 /* LaunchScreen.storyboard */,
				522625B128E49486000CF133 /* Info.plist */,
			);
			path = "Music Player";
			sourceTree = "<group>";
		};
		52C9D82928E6BC0700072270 /* Cell */ = {
			isa = PBXGroup;
			children = (
				52C9D82E28E6BFAA00072270 /* TrackCell.swift */,
				52C9D82F28E6BFAA00072270 /* TrackCell.xib */,
			);
			path = Cell;
			sourceTree = "<group>";
		};
		52C9D83228E6C7DB00072270 /* Models */ = {
			isa = PBXGroup;
			children = (
				521E3F9628E5689C00320DF7 /* SearchResponce.swift */,
			);
			path = Models;
			sourceTree = "<group>";
		};
		52C9D83328E7037A00072270 /* FooterView */ = {
			isa = PBXGroup;
			children = (
				52C9D83428E703DA00072270 /* FooterView.swift */,
			);
			path = FooterView;
			sourceTree = "<group>";
		};
		9284F195CC6C0C8444833BA5 /* Pods */ = {
			isa = PBXGroup;
			children = (
				495400E10E89D0A1B7CF0042 /* Pods-Music Player.debug.xcconfig */,
				738710F1F6582F508FF3DB1D /* Pods-Music Player.release.xcconfig */,
			);
			path = Pods;
			sourceTree = "<group>";
		};
		ED4CEF7DBE0129BE99D9A1D9 /* Frameworks */ = {
			isa = PBXGroup;
			children = (
				3EC1D1B228EC28CFCF834945 /* Pods_Music_Player.framework */,
			);
			name = Frameworks;
			sourceTree = "<group>";
		};
/* End PBXGroup section */

/* Begin PBXNativeTarget section */
		5226259F28E49484000CF133 /* Music Player */ = {
			isa = PBXNativeTarget;
			buildConfigurationList = 522625B428E49486000CF133 /* Build configuration list for PBXNativeTarget "Music Player" */;
			buildPhases = (
				39885FBCC16A7F0EC7C3A022 /* [CP] Check Pods Manifest.lock */,
				5226259C28E49484000CF133 /* Sources */,
				5226259D28E49484000CF133 /* Frameworks */,
				5226259E28E49484000CF133 /* Resources */,
				DBE9C1DC0C313FA0AD983FB0 /* [CP] Embed Pods Frameworks */,
			);
			buildRules = (
			);
			dependencies = (
			);
			name = "Music Player";
			productName = "Music Player";
			productReference = 522625A028E49484000CF133 /* Music Player.app */;
			productType = "com.apple.product-type.application";
		};
/* End PBXNativeTarget section */

/* Begin PBXProject section */
		5226259828E49484000CF133 /* Project object */ = {
			isa = PBXProject;
			attributes = {
				BuildIndependentTargetsInParallel = 1;
				LastSwiftUpdateCheck = 1310;
				LastUpgradeCheck = 1310;
				TargetAttributes = {
					5226259F28E49484000CF133 = {
						CreatedOnToolsVersion = 13.1;
					};
				};
			};
			buildConfigurationList = 5226259B28E49484000CF133 /* Build configuration list for PBXProject "Music Player" */;
			compatibilityVersion = "Xcode 13.0";
			developmentRegion = en;
			hasScannedForEncodings = 0;
			knownRegions = (
				en,
				Base,
			);
			mainGroup = 5226259728E49484000CF133;
			productRefGroup = 522625A128E49484000CF133 /* Products */;
			projectDirPath = "";
			projectRoot = "";
			targets = (
				5226259F28E49484000CF133 /* Music Player */,
			);
		};
/* End PBXProject section */

/* Begin PBXResourcesBuildPhase section */
		5226259E28E49484000CF133 /* Resources */ = {
			isa = PBXResourcesBuildPhase;
			buildActionMask = 2147483647;
			files = (
				522625B028E49486000CF133 /* LaunchScreen.storyboard in Resources */,
				52C9D83128E6BFAA00072270 /* TrackCell.xib in Resources */,
				522625AD28E49486000CF133 /* Assets.xcassets in Resources */,
				521E3FBA28E5C0E200320DF7 /* SearchViewController.storyboard in Resources */,
				522625AB28E49484000CF133 /* Main.storyboard in Resources */,
			);
			runOnlyForDeploymentPostprocessing = 0;
		};
/* End PBXResourcesBuildPhase section */

/* Begin PBXShellScriptBuildPhase section */
		39885FBCC16A7F0EC7C3A022 /* [CP] Check Pods Manifest.lock */ = {
			isa = PBXShellScriptBuildPhase;
			buildActionMask = 2147483647;
			files = (
			);
			inputFileListPaths = (
			);
			inputPaths = (
				"${PODS_PODFILE_DIR_PATH}/Podfile.lock",
				"${PODS_ROOT}/Manifest.lock",
			);
			name = "[CP] Check Pods Manifest.lock";
			outputFileListPaths = (
			);
			outputPaths = (
				"$(DERIVED_FILE_DIR)/Pods-Music Player-checkManifestLockResult.txt",
			);
			runOnlyForDeploymentPostprocessing = 0;
			shellPath = /bin/sh;
			shellScript = "diff \"${PODS_PODFILE_DIR_PATH}/Podfile.lock\" \"${PODS_ROOT}/Manifest.lock\" > /dev/null\nif [ $? != 0 ] ; then\n    # print error to STDERR\n    echo \"error: The sandbox is not in sync with the Podfile.lock. Run 'pod install' or update your CocoaPods installation.\" >&2\n    exit 1\nfi\n# This output is used by Xcode 'outputs' to avoid re-running this script phase.\necho \"SUCCESS\" > \"${SCRIPT_OUTPUT_FILE_0}\"\n";
			showEnvVarsInLog = 0;
		};
		DBE9C1DC0C313FA0AD983FB0 /* [CP] Embed Pods Frameworks */ = {
			isa = PBXShellScriptBuildPhase;
			buildActionMask = 2147483647;
			files = (
			);
			inputFileListPaths = (
				"${PODS_ROOT}/Target Support Files/Pods-Music Player/Pods-Music Player-frameworks-${CONFIGURATION}-input-files.xcfilelist",
			);
			name = "[CP] Embed Pods Frameworks";
			outputFileListPaths = (
				"${PODS_ROOT}/Target Support Files/Pods-Music Player/Pods-Music Player-frameworks-${CONFIGURATION}-output-files.xcfilelist",
			);
			runOnlyForDeploymentPostprocessing = 0;
			shellPath = /bin/sh;
			shellScript = "\"${PODS_ROOT}/Target Support Files/Pods-Music Player/Pods-Music Player-frameworks.sh\"\n";
			showEnvVarsInLog = 0;
		};
/* End PBXShellScriptBuildPhase section */

/* Begin PBXSourcesBuildPhase section */
		5226259C28E49484000CF133 /* Sources */ = {
			isa = PBXSourcesBuildPhase;
			buildActionMask = 2147483647;
			files = (
				521E3F9728E5689C00320DF7 /* SearchResponce.swift in Sources */,
				521E3FBD28E5C9BF00320DF7 /* UIViewController + Storyboard.swift in Sources */,
				522625BA28E49786000CF133 /* SearchVC.swift in Sources */,
				522625A828E49484000CF133 /* ViewController.swift in Sources */,
				521E3FB628E5A52800320DF7 /* SearchInteractor.swift in Sources */,
				52C9D83528E703DA00072270 /* FooterView.swift in Sources */,
				52C9D83028E6BFAA00072270 /* TrackCell.swift in Sources */,
				522625A428E49484000CF133 /* AppDelegate.swift in Sources */,
				522625B828E4968C000CF133 /* MainTabBarController.swift in Sources */,
				521E3FB228E5A52800320DF7 /* SearchWorker.swift in Sources */,
				521E3FB528E5A52800320DF7 /* SearchViewController.swift in Sources */,
				521E3FB328E5A52800320DF7 /* SearchRouter.swift in Sources */,
				521E3FB428E5A52800320DF7 /* SearchModels.swift in Sources */,
				522625A628E49484000CF133 /* SceneDelegate.swift in Sources */,
				521E3FB128E5A52800320DF7 /* SearchPresenter.swift in Sources */,
				521E3F9928E594DE00320DF7 /* NetworkService.swift in Sources */,
			);
			runOnlyForDeploymentPostprocessing = 0;
		};
/* End PBXSourcesBuildPhase section */

/* Begin PBXVariantGroup section */
		522625A928E49484000CF133 /* Main.storyboard */ = {
			isa = PBXVariantGroup;
			children = (
				522625AA28E49484000CF133 /* Base */,
			);
			name = Main.storyboard;
			sourceTree = "<group>";
		};
		522625AE28E49486000CF133 /* LaunchScreen.storyboard */ = {
			isa = PBXVariantGroup;
			children = (
				522625AF28E49486000CF133 /* Base */,
			);
			name = LaunchScreen.storyboard;
			sourceTree = "<group>";
		};
/* End PBXVariantGroup section */

/* Begin XCBuildConfiguration section */
		522625B228E49486000CF133 /* Debug */ = {
			isa = XCBuildConfiguration;
			buildSettings = {
				ALWAYS_SEARCH_USER_PATHS = NO;
				CLANG_ANALYZER_NONNULL = YES;
				CLANG_ANALYZER_NUMBER_OBJECT_CONVERSION = YES_AGGRESSIVE;
				CLANG_CXX_LANGUAGE_STANDARD = "gnu++17";
				CLANG_CXX_LIBRARY = "libc++";
				CLANG_ENABLE_MODULES = YES;
				CLANG_ENABLE_OBJC_ARC = YES;
				CLANG_ENABLE_OBJC_WEAK = YES;
				CLANG_WARN_BLOCK_CAPTURE_AUTORELEASING = YES;
				CLANG_WARN_BOOL_CONVERSION = YES;
				CLANG_WARN_COMMA = YES;
				CLANG_WARN_CONSTANT_CONVERSION = YES;
				CLANG_WARN_DEPRECATED_OBJC_IMPLEMENTATIONS = YES;
				CLANG_WARN_DIRECT_OBJC_ISA_USAGE = YES_ERROR;
				CLANG_WARN_DOCUMENTATION_COMMENTS = YES;
				CLANG_WARN_EMPTY_BODY = YES;
				CLANG_WARN_ENUM_CONVERSION = YES;
				CLANG_WARN_INFINITE_RECURSION = YES;
				CLANG_WARN_INT_CONVERSION = YES;
				CLANG_WARN_NON_LITERAL_NULL_CONVERSION = YES;
				CLANG_WARN_OBJC_IMPLICIT_RETAIN_SELF = YES;
				CLANG_WARN_OBJC_LITERAL_CONVERSION = YES;
				CLANG_WARN_OBJC_ROOT_CLASS = YES_ERROR;
				CLANG_WARN_QUOTED_INCLUDE_IN_FRAMEWORK_HEADER = YES;
				CLANG_WARN_RANGE_LOOP_ANALYSIS = YES;
				CLANG_WARN_STRICT_PROTOTYPES = YES;
				CLANG_WARN_SUSPICIOUS_MOVE = YES;
				CLANG_WARN_UNGUARDED_AVAILABILITY = YES_AGGRESSIVE;
				CLANG_WARN_UNREACHABLE_CODE = YES;
				CLANG_WARN__DUPLICATE_METHOD_MATCH = YES;
				COPY_PHASE_STRIP = NO;
				DEBUG_INFORMATION_FORMAT = dwarf;
				ENABLE_STRICT_OBJC_MSGSEND = YES;
				ENABLE_TESTABILITY = YES;
				GCC_C_LANGUAGE_STANDARD = gnu11;
				GCC_DYNAMIC_NO_PIC = NO;
				GCC_NO_COMMON_BLOCKS = YES;
				GCC_OPTIMIZATION_LEVEL = 0;
				GCC_PREPROCESSOR_DEFINITIONS = (
					"DEBUG=1",
					"$(inherited)",
				);
				GCC_WARN_64_TO_32_BIT_CONVERSION = YES;
				GCC_WARN_ABOUT_RETURN_TYPE = YES_ERROR;
				GCC_WARN_UNDECLARED_SELECTOR = YES;
				GCC_WARN_UNINITIALIZED_AUTOS = YES_AGGRESSIVE;
				GCC_WARN_UNUSED_FUNCTION = YES;
				GCC_WARN_UNUSED_VARIABLE = YES;
				IPHONEOS_DEPLOYMENT_TARGET = 15.0;
				MTL_ENABLE_DEBUG_INFO = INCLUDE_SOURCE;
				MTL_FAST_MATH = YES;
				ONLY_ACTIVE_ARCH = YES;
				SDKROOT = iphoneos;
				SWIFT_ACTIVE_COMPILATION_CONDITIONS = DEBUG;
				SWIFT_OPTIMIZATION_LEVEL = "-Onone";
			};
			name = Debug;
		};
		522625B328E49486000CF133 /* Release */ = {
			isa = XCBuildConfiguration;
			buildSettings = {
				ALWAYS_SEARCH_USER_PATHS = NO;
				CLANG_ANALYZER_NONNULL = YES;
				CLANG_ANALYZER_NUMBER_OBJECT_CONVERSION = YES_AGGRESSIVE;
				CLANG_CXX_LANGUAGE_STANDARD = "gnu++17";
				CLANG_CXX_LIBRARY = "libc++";
				CLANG_ENABLE_MODULES = YES;
				CLANG_ENABLE_OBJC_ARC = YES;
				CLANG_ENABLE_OBJC_WEAK = YES;
				CLANG_WARN_BLOCK_CAPTURE_AUTORELEASING = YES;
				CLANG_WARN_BOOL_CONVERSION = YES;
				CLANG_WARN_COMMA = YES;
				CLANG_WARN_CONSTANT_CONVERSION = YES;
				CLANG_WARN_DEPRECATED_OBJC_IMPLEMENTATIONS = YES;
				CLANG_WARN_DIRECT_OBJC_ISA_USAGE = YES_ERROR;
				CLANG_WARN_DOCUMENTATION_COMMENTS = YES;
				CLANG_WARN_EMPTY_BODY = YES;
				CLANG_WARN_ENUM_CONVERSION = YES;
				CLANG_WARN_INFINITE_RECURSION = YES;
				CLANG_WARN_INT_CONVERSION = YES;
				CLANG_WARN_NON_LITERAL_NULL_CONVERSION = YES;
				CLANG_WARN_OBJC_IMPLICIT_RETAIN_SELF = YES;
				CLANG_WARN_OBJC_LITERAL_CONVERSION = YES;
				CLANG_WARN_OBJC_ROOT_CLASS = YES_ERROR;
				CLANG_WARN_QUOTED_INCLUDE_IN_FRAMEWORK_HEADER = YES;
				CLANG_WARN_RANGE_LOOP_ANALYSIS = YES;
				CLANG_WARN_STRICT_PROTOTYPES = YES;
				CLANG_WARN_SUSPICIOUS_MOVE = YES;
				CLANG_WARN_UNGUARDED_AVAILABILITY = YES_AGGRESSIVE;
				CLANG_WARN_UNREACHABLE_CODE = YES;
				CLANG_WARN__DUPLICATE_METHOD_MATCH = YES;
				COPY_PHASE_STRIP = NO;
				DEBUG_INFORMATION_FORMAT = "dwarf-with-dsym";
				ENABLE_NS_ASSERTIONS = NO;
				ENABLE_STRICT_OBJC_MSGSEND = YES;
				GCC_C_LANGUAGE_STANDARD = gnu11;
				GCC_NO_COMMON_BLOCKS = YES;
				GCC_WARN_64_TO_32_BIT_CONVERSION = YES;
				GCC_WARN_ABOUT_RETURN_TYPE = YES_ERROR;
				GCC_WARN_UNDECLARED_SELECTOR = YES;
				GCC_WARN_UNINITIALIZED_AUTOS = YES_AGGRESSIVE;
				GCC_WARN_UNUSED_FUNCTION = YES;
				GCC_WARN_UNUSED_VARIABLE = YES;
				IPHONEOS_DEPLOYMENT_TARGET = 15.0;
				MTL_ENABLE_DEBUG_INFO = NO;
				MTL_FAST_MATH = YES;
				SDKROOT = iphoneos;
				SWIFT_COMPILATION_MODE = wholemodule;
				SWIFT_OPTIMIZATION_LEVEL = "-O";
				VALIDATE_PRODUCT = YES;
			};
			name = Release;
		};
		522625B528E49486000CF133 /* Debug */ = {
			isa = XCBuildConfiguration;
			baseConfigurationReference = 495400E10E89D0A1B7CF0042 /* Pods-Music Player.debug.xcconfig */;
			buildSettings = {
				ASSETCATALOG_COMPILER_APPICON_NAME = AppIcon;
				ASSETCATALOG_COMPILER_GLOBAL_ACCENT_COLOR_NAME = AccentColor;
				CODE_SIGN_STYLE = Automatic;
				CURRENT_PROJECT_VERSION = 1;
				DEVELOPMENT_TEAM = 553DP5SJ57;
				GENERATE_INFOPLIST_FILE = YES;
				INFOPLIST_FILE = "Music Player/Info.plist";
				INFOPLIST_KEY_UIApplicationSupportsIndirectInputEvents = YES;
				INFOPLIST_KEY_UILaunchStoryboardName = LaunchScreen;
				INFOPLIST_KEY_UIMainStoryboardFile = Main;
				INFOPLIST_KEY_UISupportedInterfaceOrientations_iPad = "UIInterfaceOrientationPortrait UIInterfaceOrientationPortraitUpsideDown UIInterfaceOrientationLandscapeLeft UIInterfaceOrientationLandscapeRight";
				INFOPLIST_KEY_UISupportedInterfaceOrientations_iPhone = "UIInterfaceOrientationPortrait UIInterfaceOrientationLandscapeLeft UIInterfaceOrientationLandscapeRight";
				LD_RUNPATH_SEARCH_PATHS = (
					"$(inherited)",
					"@executable_path/Frameworks",
				);
				MARKETING_VERSION = 1.0;
				PRODUCT_BUNDLE_IDENTIFIER = "ASaidaxmad.Music-Player";
				PRODUCT_NAME = "$(TARGET_NAME)";
				SWIFT_EMIT_LOC_STRINGS = YES;
				SWIFT_VERSION = 5.0;
				TARGETED_DEVICE_FAMILY = 1;
			};
			name = Debug;
		};
		522625B628E49486000CF133 /* Release */ = {
			isa = XCBuildConfiguration;
			baseConfigurationReference = 738710F1F6582F508FF3DB1D /* Pods-Music Player.release.xcconfig */;
			buildSettings = {
				ASSETCATALOG_COMPILER_APPICON_NAME = AppIcon;
				ASSETCATALOG_COMPILER_GLOBAL_ACCENT_COLOR_NAME = AccentColor;
				CODE_SIGN_STYLE = Automatic;
				CURRENT_PROJECT_VERSION = 1;
				DEVELOPMENT_TEAM = 553DP5SJ57;
				GENERATE_INFOPLIST_FILE = YES;
				INFOPLIST_FILE = "Music Player/Info.plist";
				INFOPLIST_KEY_UIApplicationSupportsIndirectInputEvents = YES;
				INFOPLIST_KEY_UILaunchStoryboardName = LaunchScreen;
				INFOPLIST_KEY_UIMainStoryboardFile = Main;
				INFOPLIST_KEY_UISupportedInterfaceOrientations_iPad = "UIInterfaceOrientationPortrait UIInterfaceOrientationPortraitUpsideDown UIInterfaceOrientationLandscapeLeft UIInterfaceOrientationLandscapeRight";
				INFOPLIST_KEY_UISupportedInterfaceOrientations_iPhone = "UIInterfaceOrientationPortrait UIInterfaceOrientationLandscapeLeft UIInterfaceOrientationLandscapeRight";
				LD_RUNPATH_SEARCH_PATHS = (
					"$(inherited)",
					"@executable_path/Frameworks",
				);
				MARKETING_VERSION = 1.0;
				PRODUCT_BUNDLE_IDENTIFIER = "ASaidaxmad.Music-Player";
				PRODUCT_NAME = "$(TARGET_NAME)";
				SWIFT_EMIT_LOC_STRINGS = YES;
				SWIFT_VERSION = 5.0;
				TARGETED_DEVICE_FAMILY = 1;
			};
			name = Release;
		};
/* End XCBuildConfiguration section */

/* Begin XCConfigurationList section */
		5226259B28E49484000CF133 /* Build configuration list for PBXProject "Music Player" */ = {
			isa = XCConfigurationList;
			buildConfigurations = (
				522625B228E49486000CF133 /* Debug */,
				522625B328E49486000CF133 /* Release */,
			);
			defaultConfigurationIsVisible = 0;
			defaultConfigurationName = Release;
		};
		522625B428E49486000CF133 /* Build configuration list for PBXNativeTarget "Music Player" */ = {
			isa = XCConfigurationList;
			buildConfigurations = (
				522625B528E49486000CF133 /* Debug */,
				522625B628E49486000CF133 /* Release */,
			);
			defaultConfigurationIsVisible = 0;
			defaultConfigurationName = Release;
		};
/* End XCConfigurationList section */
	};
	rootObject = 5226259828E49484000CF133 /* Project object */;
}
